
Microsoft Visual Studio Solution File, Format Version 12.00
# Visual Studio Version 17
VisualStudioVersion = 17.14.36202.13
MinimumVisualStudioVersion = 10.0.40219.1
Project("{FAE04EC0-301F-11D3-BF4B-00C04F79EFBC}") = "ConsoleApp1", "ConsoleApp1\ConsoleApp1.csproj", "{A31CC422-272A-47AE-9F02-2DEDFE804864}"
EndProject
Project("{FAE04EC0-301F-11D3-BF4B-00C04F79EFBC}") = "Homework_14", "Homework_14\Homework_14.csproj", "{E542C006-3ED1-494C-BF74-C9A658635C1C}"
EndProject
Project("{FAE04EC0-301F-11D3-BF4B-00C04F79EFBC}") = "HomeWork_16", "HomeWork_16\HomeWork_16.csproj", "{2E351B51-BC3F-417F-82F1-A1757161475D}"
EndProject
Project("{FAE04EC0-301F-11D3-BF4B-00C04F79EFBC}") = "HomeWork_18", "HomeWork_17\HomeWork_18.csproj", "{182B1C48-2285-4934-AB83-D4235D9EEA4E}"
EndProject
Project("{FAE04EC0-301F-11D3-BF4B-00C04F79EFBC}") = "ClassWork", "ClassWork\ClassWork.csproj", "{5C287CAD-1A1D-4ED0-A2D6-4123B240F1CF}"
EndProject
Project("{FAE04EC0-301F-11D3-BF4B-00C04F79EFBC}") = "HomeWork_19", "HomeWork_18\HomeWork_19.csproj", "{FDCF2263-AB80-46B9-B056-DC8BDE747CB1}"
EndProject
Project("{FAE04EC0-301F-11D3-BF4B-00C04F79EFBC}") = "HomeWork_20", "HomeWork_20\HomeWork_20.csproj", "{F0C2647B-1572-4F39-8D80-485BA7BD310C}"
EndProject
Project("{FAE04EC0-301F-11D3-BF4B-00C04F79EFBC}") = "HomeWork_21", "HomeWork_21\HomeWork_21.csproj", "{4EA2EC7D-9858-4544-8235-95C5F21A05B9}"
EndProject
Global
	GlobalSection(SolutionConfigurationPlatforms) = preSolution
		Debug|Any CPU = Debug|Any CPU
		Release|Any CPU = Release|Any CPU
	EndGlobalSection
	GlobalSection(ProjectConfigurationPlatforms) = postSolution
		{A31CC422-272A-47AE-9F02-2DEDFE804864}.Debug|Any CPU.ActiveCfg = Debug|Any CPU
		{A31CC422-272A-47AE-9F02-2DEDFE804864}.Debug|Any CPU.Build.0 = Debug|Any CPU
		{A31CC422-272A-47AE-9F02-2DEDFE804864}.Release|Any CPU.ActiveCfg = Release|Any CPU
		{A31CC422-272A-47AE-9F02-2DEDFE804864}.Release|Any CPU.Build.0 = Release|Any CPU
		{E542C006-3ED1-494C-BF74-C9A658635C1C}.Debug|Any CPU.ActiveCfg = Debug|Any CPU
		{E542C006-3ED1-494C-BF74-C9A658635C1C}.Debug|Any CPU.Build.0 = Debug|Any CPU
		{E542C006-3ED1-494C-BF74-C9A658635C1C}.Release|Any CPU.ActiveCfg = Release|Any CPU
		{E542C006-3ED1-494C-BF74-C9A658635C1C}.Release|Any CPU.Build.0 = Release|Any CPU
		{2E351B51-BC3F-417F-82F1-A1757161475D}.Debug|Any CPU.ActiveCfg = Debug|Any CPU
		{2E351B51-BC3F-417F-82F1-A1757161475D}.Debug|Any CPU.Build.0 = Debug|Any CPU
		{2E351B51-BC3F-417F-82F1-A1757161475D}.Release|Any CPU.ActiveCfg = Release|Any CPU
		{2E351B51-BC3F-417F-82F1-A1757161475D}.Release|Any CPU.Build.0 = Release|Any CPU
		{182B1C48-2285-4934-AB83-D4235D9EEA4E}.Debug|Any CPU.ActiveCfg = Debug|Any CPU
		{182B1C48-2285-4934-AB83-D4235D9EEA4E}.Debug|Any CPU.Build.0 = Debug|Any CPU
		{182B1C48-2285-4934-AB83-D4235D9EEA4E}.Release|Any CPU.ActiveCfg = Release|Any CPU
		{182B1C48-2285-4934-AB83-D4235D9EEA4E}.Release|Any CPU.Build.0 = Release|Any CPU
		{5C287CAD-1A1D-4ED0-A2D6-4123B240F1CF}.Debug|Any CPU.ActiveCfg = Debug|Any CPU
		{5C287CAD-1A1D-4ED0-A2D6-4123B240F1CF}.Debug|Any CPU.Build.0 = Debug|Any CPU
		{5C287CAD-1A1D-4ED0-A2D6-4123B240F1CF}.Release|Any CPU.ActiveCfg = Release|Any CPU
		{5C287CAD-1A1D-4ED0-A2D6-4123B240F1CF}.Release|Any CPU.Build.0 = Release|Any CPU
		{FDCF2263-AB80-46B9-B056-DC8BDE747CB1}.Debug|Any CPU.ActiveCfg = Debug|Any CPU
		{FDCF2263-AB80-46B9-B056-DC8BDE747CB1}.Debug|Any CPU.Build.0 = Debug|Any CPU
		{FDCF2263-AB80-46B9-B056-DC8BDE747CB1}.Release|Any CPU.ActiveCfg = Release|Any CPU
		{FDCF2263-AB80-46B9-B056-DC8BDE747CB1}.Release|Any CPU.Build.0 = Release|Any CPU
		{F0C2647B-1572-4F39-8D80-485BA7BD310C}.Debug|Any CPU.ActiveCfg = Debug|Any CPU
		{F0C2647B-1572-4F39-8D80-485BA7BD310C}.Debug|Any CPU.Build.0 = Debug|Any CPU
		{F0C2647B-1572-4F39-8D80-485BA7BD310C}.Release|Any CPU.ActiveCfg = Release|Any CPU
		{F0C2647B-1572-4F39-8D80-485BA7BD310C}.Release|Any CPU.Build.0 = Release|Any CPU
		{4EA2EC7D-9858-4544-8235-95C5F21A05B9}.Debug|Any CPU.ActiveCfg = Debug|Any CPU
		{4EA2EC7D-9858-4544-8235-95C5F21A05B9}.Debug|Any CPU.Build.0 = Debug|Any CPU
		{4EA2EC7D-9858-4544-8235-95C5F21A05B9}.Release|Any CPU.ActiveCfg = Release|Any CPU
		{4EA2EC7D-9858-4544-8235-95C5F21A05B9}.Release|Any CPU.Build.0 = Release|Any CPU
	EndGlobalSection
	GlobalSection(SolutionProperties) = preSolution
		HideSolutionNode = FALSE
	EndGlobalSection
	GlobalSection(ExtensibilityGlobals) = postSolution
		SolutionGuid = {27DDD191-4BA1-4785-95C9-D6C2308D3EC3}
	EndGlobalSection
EndGlobal
